// !$*UTF8*$!
{
	archiveVersion = 1;
	classes = {
	};
	objectVersion = 56;
	objects = {

/* Begin PBXBuildFile section */
		3AF3288D48530AB55887035D /* Pods_Shop_shelf_scanner.framework in Frameworks */ = {isa = PBXBuildFile; fileRef = 6D28B79CA6F0CE6C223E06DF /* Pods_Shop_shelf_scanner.framework */; };
		660C786129074E9C0076BC93 /* ShelfScanner.swift in Sources */ = {isa = PBXBuildFile; fileRef = 660C786029074E9C0076BC93 /* ShelfScanner.swift */; };
		662805332919C3F400984720 /* OpenCVWrapper.mm in Sources */ = {isa = PBXBuildFile; fileRef = 662805322919C3F400984720 /* OpenCVWrapper.mm */; };
		662805362919C42600984720 /* UIImage+Rotate.m in Sources */ = {isa = PBXBuildFile; fileRef = 662805352919C42600984720 /* UIImage+Rotate.m */; };
		6629566B2905AD33009B4F51 /* AppDelegate.swift in Sources */ = {isa = PBXBuildFile; fileRef = 6629566A2905AD33009B4F51 /* AppDelegate.swift */; };
		6629566D2905AD33009B4F51 /* SceneDelegate.swift in Sources */ = {isa = PBXBuildFile; fileRef = 6629566C2905AD33009B4F51 /* SceneDelegate.swift */; };
		6629566F2905AD33009B4F51 /* ViewController.swift in Sources */ = {isa = PBXBuildFile; fileRef = 6629566E2905AD33009B4F51 /* ViewController.swift */; };
		662956722905AD33009B4F51 /* Main.storyboard in Resources */ = {isa = PBXBuildFile; fileRef = 662956702905AD33009B4F51 /* Main.storyboard */; };
		662956742905AD38009B4F51 /* Assets.xcassets in Resources */ = {isa = PBXBuildFile; fileRef = 662956732905AD38009B4F51 /* Assets.xcassets */; };
		662956772905AD38009B4F51 /* LaunchScreen.storyboard in Resources */ = {isa = PBXBuildFile; fileRef = 662956752905AD38009B4F51 /* LaunchScreen.storyboard */; };
/* End PBXBuildFile section */

/* Begin PBXFileReference section */
		0EF57BE426BD304897E79D18 /* Pods-Shop shelf scanner.release.xcconfig */ = {isa = PBXFileReference; includeInIndex = 1; lastKnownFileType = text.xcconfig; name = "Pods-Shop shelf scanner.release.xcconfig"; path = "Target Support Files/Pods-Shop shelf scanner/Pods-Shop shelf scanner.release.xcconfig"; sourceTree = "<group>"; };
		660C786029074E9C0076BC93 /* ShelfScanner.swift */ = {isa = PBXFileReference; lastKnownFileType = sourcecode.swift; path = ShelfScanner.swift; sourceTree = "<group>"; };
		662805302919C3F200984720 /* Shop shelf scanner-Bridging-Header.h */ = {isa = PBXFileReference; lastKnownFileType = sourcecode.c.h; path = "Shop shelf scanner-Bridging-Header.h"; sourceTree = "<group>"; };
		662805312919C3F400984720 /* OpenCVWrapper.h */ = {isa = PBXFileReference; fileEncoding = 4; lastKnownFileType = sourcecode.c.h; path = OpenCVWrapper.h; sourceTree = "<group>"; };
		662805322919C3F400984720 /* OpenCVWrapper.mm */ = {isa = PBXFileReference; fileEncoding = 4; lastKnownFileType = sourcecode.cpp.objcpp; path = OpenCVWrapper.mm; sourceTree = "<group>"; };
		662805342919C42600984720 /* UIImage+Rotate.h */ = {isa = PBXFileReference; fileEncoding = 4; lastKnownFileType = sourcecode.c.h; path = "UIImage+Rotate.h"; sourceTree = "<group>"; };
		662805352919C42600984720 /* UIImage+Rotate.m */ = {isa = PBXFileReference; fileEncoding = 4; lastKnownFileType = sourcecode.c.objc; path = "UIImage+Rotate.m"; sourceTree = "<group>"; };
		662956672905AD33009B4F51 /* Shop shelf scanner.app */ = {isa = PBXFileReference; explicitFileType = wrapper.application; includeInIndex = 0; path = "Shop shelf scanner.app"; sourceTree = BUILT_PRODUCTS_DIR; };
		6629566A2905AD33009B4F51 /* AppDelegate.swift */ = {isa = PBXFileReference; lastKnownFileType = sourcecode.swift; path = AppDelegate.swift; sourceTree = "<group>"; };
		6629566C2905AD33009B4F51 /* SceneDelegate.swift */ = {isa = PBXFileReference; lastKnownFileType = sourcecode.swift; path = SceneDelegate.swift; sourceTree = "<group>"; };
		6629566E2905AD33009B4F51 /* ViewController.swift */ = {isa = PBXFileReference; lastKnownFileType = sourcecode.swift; path = ViewController.swift; sourceTree = "<group>"; };
		662956712905AD33009B4F51 /* Base */ = {isa = PBXFileReference; lastKnownFileType = file.storyboard; name = Base; path = Base.lproj/Main.storyboard; sourceTree = "<group>"; };
		662956732905AD38009B4F51 /* Assets.xcassets */ = {isa = PBXFileReference; lastKnownFileType = folder.assetcatalog; path = Assets.xcassets; sourceTree = "<group>"; };
		662956762905AD38009B4F51 /* Base */ = {isa = PBXFileReference; lastKnownFileType = file.storyboard; name = Base; path = Base.lproj/LaunchScreen.storyboard; sourceTree = "<group>"; };
		662956782905AD38009B4F51 /* Info.plist */ = {isa = PBXFileReference; lastKnownFileType = text.plist.xml; path = Info.plist; sourceTree = "<group>"; };
		6D28B79CA6F0CE6C223E06DF /* Pods_Shop_shelf_scanner.framework */ = {isa = PBXFileReference; explicitFileType = wrapper.framework; includeInIndex = 0; path = Pods_Shop_shelf_scanner.framework; sourceTree = BUILT_PRODUCTS_DIR; };
		7B582155231956E1FD86FBF5 /* Pods-Shop shelf scanner.debug.xcconfig */ = {isa = PBXFileReference; includeInIndex = 1; lastKnownFileType = text.xcconfig; name = "Pods-Shop shelf scanner.debug.xcconfig"; path = "Target Support Files/Pods-Shop shelf scanner/Pods-Shop shelf scanner.debug.xcconfig"; sourceTree = "<group>"; };
/* End PBXFileReference section */

/* Begin PBXFrameworksBuildPhase section */
		662956642905AD33009B4F51 /* Frameworks */ = {
			isa = PBXFrameworksBuildPhase;
			buildActionMask = 2147483647;
			files = (
				3AF3288D48530AB55887035D /* Pods_Shop_shelf_scanner.framework in Frameworks */,
			);
			runOnlyForDeploymentPostprocessing = 0;
		};
/* End PBXFrameworksBuildPhase section */

/* Begin PBXGroup section */
		3E9F095C716A185CADAC46D2 /* Frameworks */ = {
			isa = PBXGroup;
			children = (
				6D28B79CA6F0CE6C223E06DF /* Pods_Shop_shelf_scanner.framework */,
			);
			name = Frameworks;
			sourceTree = "<group>";
		};
		6629565E2905AD33009B4F51 = {
			isa = PBXGroup;
			children = (
				662956692905AD33009B4F51 /* Shop shelf scanner */,
				662956682905AD33009B4F51 /* Products */,
				F1D5FEF783E577478E926007 /* Pods */,
				3E9F095C716A185CADAC46D2 /* Frameworks */,
			);
			sourceTree = "<group>";
		};
		662956682905AD33009B4F51 /* Products */ = {
			isa = PBXGroup;
			children = (
				662956672905AD33009B4F51 /* Shop shelf scanner.app */,
			);
			name = Products;
			sourceTree = "<group>";
		};
		662956692905AD33009B4F51 /* Shop shelf scanner */ = {
			isa = PBXGroup;
			children = (
				662956802905B323009B4F51 /* Controller */,
				6629567F2905B31D009B4F51 /* View */,
				6629567E2905B314009B4F51 /* Model */,
				6629566A2905AD33009B4F51 /* AppDelegate.swift */,
				6629566C2905AD33009B4F51 /* SceneDelegate.swift */,
				662956732905AD38009B4F51 /* Assets.xcassets */,
				662956752905AD38009B4F51 /* LaunchScreen.storyboard */,
				662956782905AD38009B4F51 /* Info.plist */,
			);
			path = "Shop shelf scanner";
			sourceTree = "<group>";
		};
		6629567E2905B314009B4F51 /* Model */ = {
			isa = PBXGroup;
			children = (
				662805312919C3F400984720 /* OpenCVWrapper.h */,
				662805342919C42600984720 /* UIImage+Rotate.h */,
				662805352919C42600984720 /* UIImage+Rotate.m */,
				662805322919C3F400984720 /* OpenCVWrapper.mm */,
				660C786029074E9C0076BC93 /* ShelfScanner.swift */,
				662805302919C3F200984720 /* Shop shelf scanner-Bridging-Header.h */,
			);
			path = Model;
			sourceTree = "<group>";
		};
		6629567F2905B31D009B4F51 /* View */ = {
			isa = PBXGroup;
			children = (
				662956702905AD33009B4F51 /* Main.storyboard */,
			);
			path = View;
			sourceTree = "<group>";
		};
		662956802905B323009B4F51 /* Controller */ = {
			isa = PBXGroup;
			children = (
				6629566E2905AD33009B4F51 /* ViewController.swift */,
			);
			path = Controller;
			sourceTree = "<group>";
		};
		F1D5FEF783E577478E926007 /* Pods */ = {
			isa = PBXGroup;
			children = (
				7B582155231956E1FD86FBF5 /* Pods-Shop shelf scanner.debug.xcconfig */,
				0EF57BE426BD304897E79D18 /* Pods-Shop shelf scanner.release.xcconfig */,
			);
			path = Pods;
			sourceTree = "<group>";
		};
/* End PBXGroup section */

/* Begin PBXNativeTarget section */
		662956662905AD33009B4F51 /* Shop shelf scanner */ = {
			isa = PBXNativeTarget;
			buildConfigurationList = 6629567B2905AD38009B4F51 /* Build configuration list for PBXNativeTarget "Shop shelf scanner" */;
			buildPhases = (
				52BE413D957003E940F1771E /* [CP] Check Pods Manifest.lock */,
				662956632905AD33009B4F51 /* Sources */,
				662956642905AD33009B4F51 /* Frameworks */,
				662956652905AD33009B4F51 /* Resources */,
			);
			buildRules = (
			);
			dependencies = (
			);
			name = "Shop shelf scanner";
			productName = "Shop shelf scanner";
			productReference = 662956672905AD33009B4F51 /* Shop shelf scanner.app */;
			productType = "com.apple.product-type.application";
		};
/* End PBXNativeTarget section */

/* Begin PBXProject section */
		6629565F2905AD33009B4F51 /* Project object */ = {
			isa = PBXProject;
			attributes = {
				BuildIndependentTargetsInParallel = 1;
				LastSwiftUpdateCheck = 1400;
				LastUpgradeCheck = 1400;
				TargetAttributes = {
					662956662905AD33009B4F51 = {
						CreatedOnToolsVersion = 14.0.1;
						LastSwiftMigration = 1410;
					};
				};
			};
			buildConfigurationList = 662956622905AD33009B4F51 /* Build configuration list for PBXProject "Shop shelf scanner" */;
			compatibilityVersion = "Xcode 14.0";
			developmentRegion = en;
			hasScannedForEncodings = 0;
			knownRegions = (
				en,
				Base,
			);
			mainGroup = 6629565E2905AD33009B4F51;
			productRefGroup = 662956682905AD33009B4F51 /* Products */;
			projectDirPath = "";
			projectRoot = "";
			targets = (
				662956662905AD33009B4F51 /* Shop shelf scanner */,
			);
		};
/* End PBXProject section */

/* Begin PBXResourcesBuildPhase section */
		662956652905AD33009B4F51 /* Resources */ = {
			isa = PBXResourcesBuildPhase;
			buildActionMask = 2147483647;
			files = (
				662956772905AD38009B4F51 /* LaunchScreen.storyboard in Resources */,
				662956742905AD38009B4F51 /* Assets.xcassets in Resources */,
				662956722905AD33009B4F51 /* Main.storyboard in Resources */,
			);
			runOnlyForDeploymentPostprocessing = 0;
		};
/* End PBXResourcesBuildPhase section */

/* Begin PBXShellScriptBuildPhase section */
		52BE413D957003E940F1771E /* [CP] Check Pods Manifest.lock */ = {
			isa = PBXShellScriptBuildPhase;
			buildActionMask = 2147483647;
			files = (
			);
			inputFileListPaths = (
			);
			inputPaths = (
				"${PODS_PODFILE_DIR_PATH}/Podfile.lock",
				"${PODS_ROOT}/Manifest.lock",
			);
			name = "[CP] Check Pods Manifest.lock";
			outputFileListPaths = (
			);
			outputPaths = (
				"$(DERIVED_FILE_DIR)/Pods-Shop shelf scanner-checkManifestLockResult.txt",
			);
			runOnlyForDeploymentPostprocessing = 0;
			shellPath = /bin/sh;
			shellScript = "diff \"${PODS_PODFILE_DIR_PATH}/Podfile.lock\" \"${PODS_ROOT}/Manifest.lock\" > /dev/null\nif [ $? != 0 ] ; then\n    # print error to STDERR\n    echo \"error: The sandbox is not in sync with the Podfile.lock. Run 'pod install' or update your CocoaPods installation.\" >&2\n    exit 1\nfi\n# This output is used by Xcode 'outputs' to avoid re-running this script phase.\necho \"SUCCESS\" > \"${SCRIPT_OUTPUT_FILE_0}\"\n";
			showEnvVarsInLog = 0;
		};
/* End PBXShellScriptBuildPhase section */

/* Begin PBXSourcesBuildPhase section */
		662956632905AD33009B4F51 /* Sources */ = {
			isa = PBXSourcesBuildPhase;
			buildActionMask = 2147483647;
			files = (
				662805332919C3F400984720 /* OpenCVWrapper.mm in Sources */,
				6629566F2905AD33009B4F51 /* ViewController.swift in Sources */,
				662805362919C42600984720 /* UIImage+Rotate.m in Sources */,
				660C786129074E9C0076BC93 /* ShelfScanner.swift in Sources */,
				6629566B2905AD33009B4F51 /* AppDelegate.swift in Sources */,
				6629566D2905AD33009B4F51 /* SceneDelegate.swift in Sources */,
			);
			runOnlyForDeploymentPostprocessing = 0;
		};
/* End PBXSourcesBuildPhase section */

/* Begin PBXVariantGroup section */
		662956702905AD33009B4F51 /* Main.storyboard */ = {
			isa = PBXVariantGroup;
			children = (
				662956712905AD33009B4F51 /* Base */,
			);
			name = Main.storyboard;
			sourceTree = "<group>";
		};
		662956752905AD38009B4F51 /* LaunchScreen.storyboard */ = {
			isa = PBXVariantGroup;
			children = (
				662956762905AD38009B4F51 /* Base */,
			);
			name = LaunchScreen.storyboard;
			sourceTree = "<group>";
		};
/* End PBXVariantGroup section */

/* Begin XCBuildConfiguration section */
		662956792905AD38009B4F51 /* Debug */ = {
			isa = XCBuildConfiguration;
			buildSettings = {
				ALWAYS_SEARCH_USER_PATHS = NO;
				CLANG_ANALYZER_NONNULL = YES;
				CLANG_ANALYZER_NUMBER_OBJECT_CONVERSION = YES_AGGRESSIVE;
				CLANG_CXX_LANGUAGE_STANDARD = "gnu++20";
				CLANG_ENABLE_MODULES = YES;
				CLANG_ENABLE_OBJC_ARC = YES;
				CLANG_ENABLE_OBJC_WEAK = YES;
				CLANG_WARN_BLOCK_CAPTURE_AUTORELEASING = YES;
				CLANG_WARN_BOOL_CONVERSION = YES;
				CLANG_WARN_COMMA = YES;
				CLANG_WARN_CONSTANT_CONVERSION = YES;
				CLANG_WARN_DEPRECATED_OBJC_IMPLEMENTATIONS = YES;
				CLANG_WARN_DIRECT_OBJC_ISA_USAGE = YES_ERROR;
				CLANG_WARN_DOCUMENTATION_COMMENTS = YES;
				CLANG_WARN_EMPTY_BODY = YES;
				CLANG_WARN_ENUM_CONVERSION = YES;
				CLANG_WARN_INFINITE_RECURSION = YES;
				CLANG_WARN_INT_CONVERSION = YES;
				CLANG_WARN_NON_LITERAL_NULL_CONVERSION = YES;
				CLANG_WARN_OBJC_IMPLICIT_RETAIN_SELF = YES;
				CLANG_WARN_OBJC_LITERAL_CONVERSION = YES;
				CLANG_WARN_OBJC_ROOT_CLASS = YES_ERROR;
				CLANG_WARN_QUOTED_INCLUDE_IN_FRAMEWORK_HEADER = YES;
				CLANG_WARN_RANGE_LOOP_ANALYSIS = YES;
				CLANG_WARN_STRICT_PROTOTYPES = YES;
				CLANG_WARN_SUSPICIOUS_MOVE = YES;
				CLANG_WARN_UNGUARDED_AVAILABILITY = YES_AGGRESSIVE;
				CLANG_WARN_UNREACHABLE_CODE = YES;
				CLANG_WARN__DUPLICATE_METHOD_MATCH = YES;
				COPY_PHASE_STRIP = NO;
				DEBUG_INFORMATION_FORMAT = dwarf;
				ENABLE_STRICT_OBJC_MSGSEND = YES;
				ENABLE_TESTABILITY = YES;
				GCC_C_LANGUAGE_STANDARD = gnu11;
				GCC_DYNAMIC_NO_PIC = NO;
				GCC_NO_COMMON_BLOCKS = YES;
				GCC_OPTIMIZATION_LEVEL = 0;
				GCC_PREPROCESSOR_DEFINITIONS = (
					"DEBUG=1",
					"$(inherited)",
				);
				GCC_WARN_64_TO_32_BIT_CONVERSION = YES;
				GCC_WARN_ABOUT_RETURN_TYPE = YES_ERROR;
				GCC_WARN_UNDECLARED_SELECTOR = YES;
				GCC_WARN_UNINITIALIZED_AUTOS = YES_AGGRESSIVE;
				GCC_WARN_UNUSED_FUNCTION = YES;
				GCC_WARN_UNUSED_VARIABLE = YES;
				IPHONEOS_DEPLOYMENT_TARGET = 16.0;
				MTL_ENABLE_DEBUG_INFO = INCLUDE_SOURCE;
				MTL_FAST_MATH = YES;
				ONLY_ACTIVE_ARCH = YES;
				SDKROOT = iphoneos;
				SWIFT_ACTIVE_COMPILATION_CONDITIONS = DEBUG;
				SWIFT_OPTIMIZATION_LEVEL = "-Onone";
			};
			name = Debug;
		};
		6629567A2905AD38009B4F51 /* Release */ = {
			isa = XCBuildConfiguration;
			buildSettings = {
				ALWAYS_SEARCH_USER_PATHS = NO;
				CLANG_ANALYZER_NONNULL = YES;
				CLANG_ANALYZER_NUMBER_OBJECT_CONVERSION = YES_AGGRESSIVE;
				CLANG_CXX_LANGUAGE_STANDARD = "gnu++20";
				CLANG_ENABLE_MODULES = YES;
				CLANG_ENABLE_OBJC_ARC = YES;
				CLANG_ENABLE_OBJC_WEAK = YES;
				CLANG_WARN_BLOCK_CAPTURE_AUTORELEASING = YES;
				CLANG_WARN_BOOL_CONVERSION = YES;
				CLANG_WARN_COMMA = YES;
				CLANG_WARN_CONSTANT_CONVERSION = YES;
				CLANG_WARN_DEPRECATED_OBJC_IMPLEMENTATIONS = YES;
				CLANG_WARN_DIRECT_OBJC_ISA_USAGE = YES_ERROR;
				CLANG_WARN_DOCUMENTATION_COMMENTS = YES;
				CLANG_WARN_EMPTY_BODY = YES;
				CLANG_WARN_ENUM_CONVERSION = YES;
				CLANG_WARN_INFINITE_RECURSION = YES;
				CLANG_WARN_INT_CONVERSION = YES;
				CLANG_WARN_NON_LITERAL_NULL_CONVERSION = YES;
				CLANG_WARN_OBJC_IMPLICIT_RETAIN_SELF = YES;
				CLANG_WARN_OBJC_LITERAL_CONVERSION = YES;
				CLANG_WARN_OBJC_ROOT_CLASS = YES_ERROR;
				CLANG_WARN_QUOTED_INCLUDE_IN_FRAMEWORK_HEADER = YES;
				CLANG_WARN_RANGE_LOOP_ANALYSIS = YES;
				CLANG_WARN_STRICT_PROTOTYPES = YES;
				CLANG_WARN_SUSPICIOUS_MOVE = YES;
				CLANG_WARN_UNGUARDED_AVAILABILITY = YES_AGGRESSIVE;
				CLANG_WARN_UNREACHABLE_CODE = YES;
				CLANG_WARN__DUPLICATE_METHOD_MATCH = YES;
				COPY_PHASE_STRIP = NO;
				DEBUG_INFORMATION_FORMAT = "dwarf-with-dsym";
				ENABLE_NS_ASSERTIONS = NO;
				ENABLE_STRICT_OBJC_MSGSEND = YES;
				GCC_C_LANGUAGE_STANDARD = gnu11;
				GCC_NO_COMMON_BLOCKS = YES;
				GCC_WARN_64_TO_32_BIT_CONVERSION = YES;
				GCC_WARN_ABOUT_RETURN_TYPE = YES_ERROR;
				GCC_WARN_UNDECLARED_SELECTOR = YES;
				GCC_WARN_UNINITIALIZED_AUTOS = YES_AGGRESSIVE;
				GCC_WARN_UNUSED_FUNCTION = YES;
				GCC_WARN_UNUSED_VARIABLE = YES;
				IPHONEOS_DEPLOYMENT_TARGET = 16.0;
				MTL_ENABLE_DEBUG_INFO = NO;
				MTL_FAST_MATH = YES;
				SDKROOT = iphoneos;
				SWIFT_COMPILATION_MODE = wholemodule;
				SWIFT_OPTIMIZATION_LEVEL = "-O";
				VALIDATE_PRODUCT = YES;
			};
			name = Release;
		};
		6629567C2905AD38009B4F51 /* Debug */ = {
			isa = XCBuildConfiguration;
			baseConfigurationReference = 7B582155231956E1FD86FBF5 /* Pods-Shop shelf scanner.debug.xcconfig */;
			buildSettings = {
				ASSETCATALOG_COMPILER_APPICON_NAME = AppIcon;
				ASSETCATALOG_COMPILER_GLOBAL_ACCENT_COLOR_NAME = AccentColor;
				CLANG_ENABLE_MODULES = YES;
				CODE_SIGN_STYLE = Automatic;
				CURRENT_PROJECT_VERSION = 1;
				DEVELOPMENT_TEAM = HW485UMWV5;
				FRAMEWORK_SEARCH_PATHS = (
					"$(inherited)",
					"$(PROJECT_DIR)/Shop\\ shelf\\ scanner",
				);
				GENERATE_INFOPLIST_FILE = YES;
				INFOPLIST_FILE = "Shop shelf scanner/Info.plist";
				INFOPLIST_KEY_NSBluetoothAlwaysUsageDescription = "";
				INFOPLIST_KEY_NSCameraUsageDescription = "";
				INFOPLIST_KEY_NSMotionUsageDescription = "";
				INFOPLIST_KEY_UIApplicationSupportsIndirectInputEvents = YES;
				INFOPLIST_KEY_UILaunchStoryboardName = LaunchScreen;
				INFOPLIST_KEY_UIMainStoryboardFile = Main;
				INFOPLIST_KEY_UIStatusBarStyle = "";
				INFOPLIST_KEY_UISupportedInterfaceOrientations_iPad = "UIInterfaceOrientationPortrait UIInterfaceOrientationPortraitUpsideDown UIInterfaceOrientationLandscapeLeft UIInterfaceOrientationLandscapeRight";
				INFOPLIST_KEY_UISupportedInterfaceOrientations_iPhone = "UIInterfaceOrientationPortrait UIInterfaceOrientationLandscapeLeft UIInterfaceOrientationLandscapeRight";
				IPHONEOS_DEPLOYMENT_TARGET = 15.0;
				LD_RUNPATH_SEARCH_PATHS = (
					"$(inherited)",
					"@executable_path/Frameworks",
				);
				MARKETING_VERSION = 1.0;
				PRODUCT_BUNDLE_IDENTIFIER = "com.adammarut.ShopShelf-scanner";
				PRODUCT_NAME = "$(TARGET_NAME)";
				SWIFT_EMIT_LOC_STRINGS = YES;
				SWIFT_OBJC_BRIDGING_HEADER = "Shop shelf scanner/Model/Shop shelf scanner-Bridging-Header.h";
				SWIFT_OPTIMIZATION_LEVEL = "-Onone";
				SWIFT_VERSION = 5.0;
				TARGETED_DEVICE_FAMILY = "1,2";
			};
			name = Debug;
		};
		6629567D2905AD38009B4F51 /* Release */ = {
			isa = XCBuildConfiguration;
			baseConfigurationReference = 0EF57BE426BD304897E79D18 /* Pods-Shop shelf scanner.release.xcconfig */;
			buildSettings = {
				ASSETCATALOG_COMPILER_APPICON_NAME = AppIcon;
				ASSETCATALOG_COMPILER_GLOBAL_ACCENT_COLOR_NAME = AccentColor;
				CLANG_ENABLE_MODULES = YES;
				CODE_SIGN_STYLE = Automatic;
				CURRENT_PROJECT_VERSION = 1;
				DEVELOPMENT_TEAM = HW485UMWV5;
				FRAMEWORK_SEARCH_PATHS = (
					"$(inherited)",
					"$(PROJECT_DIR)/Shop\\ shelf\\ scanner",
				);
				GENERATE_INFOPLIST_FILE = YES;
				INFOPLIST_FILE = "Shop shelf scanner/Info.plist";
				INFOPLIST_KEY_NSBluetoothAlwaysUsageDescription = "";
				INFOPLIST_KEY_NSCameraUsageDescription = "";
				INFOPLIST_KEY_NSMotionUsageDescription = "";
				INFOPLIST_KEY_UIApplicationSupportsIndirectInputEvents = YES;
				INFOPLIST_KEY_UILaunchStoryboardName = LaunchScreen;
				INFOPLIST_KEY_UIMainStoryboardFile = Main;
				INFOPLIST_KEY_UIStatusBarStyle = "";
				INFOPLIST_KEY_UISupportedInterfaceOrientations_iPad = "UIInterfaceOrientationPortrait UIInterfaceOrientationPortraitUpsideDown UIInterfaceOrientationLandscapeLeft UIInterfaceOrientationLandscapeRight";
				INFOPLIST_KEY_UISupportedInterfaceOrientations_iPhone = "UIInterfaceOrientationPortrait UIInterfaceOrientationLandscapeLeft UIInterfaceOrientationLandscapeRight";
				IPHONEOS_DEPLOYMENT_TARGET = 15.0;
				LD_RUNPATH_SEARCH_PATHS = (
					"$(inherited)",
					"@executable_path/Frameworks",
				);
				MARKETING_VERSION = 1.0;
				PRODUCT_BUNDLE_IDENTIFIER = "com.adammarut.ShopShelf-scanner";
				PRODUCT_NAME = "$(TARGET_NAME)";
				SWIFT_EMIT_LOC_STRINGS = YES;
				SWIFT_OBJC_BRIDGING_HEADER = "Shop shelf scanner/Model/Shop shelf scanner-Bridging-Header.h";
				SWIFT_VERSION = 5.0;
				TARGETED_DEVICE_FAMILY = "1,2";
			};
			name = Release;
		};
/* End XCBuildConfiguration section */

/* Begin XCConfigurationList section */
		662956622905AD33009B4F51 /* Build configuration list for PBXProject "Shop shelf scanner" */ = {
			isa = XCConfigurationList;
			buildConfigurations = (
				662956792905AD38009B4F51 /* Debug */,
				6629567A2905AD38009B4F51 /* Release */,
			);
			defaultConfigurationIsVisible = 0;
			defaultConfigurationName = Release;
		};
		6629567B2905AD38009B4F51 /* Build configuration list for PBXNativeTarget "Shop shelf scanner" */ = {
			isa = XCConfigurationList;
			buildConfigurations = (
				6629567C2905AD38009B4F51 /* Debug */,
				6629567D2905AD38009B4F51 /* Release */,
			);
			defaultConfigurationIsVisible = 0;
			defaultConfigurationName = Release;
		};
/* End XCConfigurationList section */
	};
	rootObject = 6629565F2905AD33009B4F51 /* Project object */;
}
